{
    "hash": "6652dd76289a11f0863ada46621f7832",
    "packages": [
        {
            "name": "bartfeenstra/cldr",
            "version": "1.x-dev",
            "source": {
                "type": "git",
                "url": "https://github.com/bartfeenstra/cldr",
                "reference": "2a20166dbe60a6ff3e971a4125107a7d90fb534a"
            },
            "dist": {
                "type": "zip",
                "url": "https://github.com/bartfeenstra/cldr/archive/2a20166dbe60a6ff3e971a4125107a7d90fb534a.zip",
                "reference": "2a20166dbe60a6ff3e971a4125107a7d90fb534a",
                "shasum": ""
            },
            "require": {
                "php": ">=5.3.0"
            },
            "require-dev": {
                "phpunit/phpunit": "3.7.*"
            },
            "time": "2012-12-17 23:01:43",
            "type": "library",
            "installation-source": "dist",
            "autoload": {
                "psr-0": {
                    "BartFeenstra": "src"
                }
            },
            "notification-url": "https://packagist.org/downloads/",
            "license": [
                "MIT"
            ],
            "authors": [
                {
                    "name": "Bart Feenstra",
                    "email": "bart@mynameisbart.com",
                    "homepage": "http://mynameisbart.com",
                    "role": "Developer"
                }
            ]
        },
        {
            "name": "bartfeenstra/currency",
            "version": "1.x-dev",
            "source": {
                "type": "git",
                "url": "https://github.com/bartfeenstra/currency",
                "reference": "de9d746a216569886a0b088b6f8fa3dd626332ac"
            },
            "dist": {
                "type": "zip",
                "url": "https://github.com/bartfeenstra/currency/archive/de9d746a216569886a0b088b6f8fa3dd626332ac.zip",
                "reference": "de9d746a216569886a0b088b6f8fa3dd626332ac",
                "shasum": ""
            },
            "require-dev": {
                "phpunit/phpunit": "3.7.*"
            },
            "suggest": {
                "php": "To use the PHP helpers, you need PHP 5.3 or higher.",
                "symfony/yaml": "To use the PHP helpers, you need symfony/yaml 2.1."
            },
            "time": "2013-01-02 17:24:51",
            "type": "library",
            "installation-source": "dist",
            "autoload": {
                "psr-0": {
                    "BartFeenstra": "src/PHP"
                }
            },
            "notification-url": "https://packagist.org/downloads/",
            "license": [
                "MIT"
            ],
            "authors": [
                {
                    "name": "Bart Feenstra",
                    "email": "bart@mynameisbart.com",
                    "homepage": "http://mynameisbart.com",
                    "role": "Developer"
                }
            ]
        },
        {
            "name": "symfony/yaml",
            "version": "v2.1.6",
            "target-dir": "Symfony/Component/Yaml",
            "source": {
                "type": "git",
                "url": "https://github.com/symfony/Yaml",
                "reference": "v2.1.6"
            },
            "dist": {
                "type": "zip",
                "url": "https://github.com/symfony/Yaml/archive/v2.1.6.zip",
                "reference": "v2.1.6",
                "shasum": ""
            },
            "require": {
                "php": ">=5.3.3"
            },
            "time": "2012-12-06 10:00:55",
            "type": "library",
            "installation-source": "dist",
            "autoload": {
                "psr-0": {
                    "Symfony\\Component\\Yaml": ""
                }
            },
            "notification-url": "https://packagist.org/downloads/",
            "license": [
                "MIT"
            ],
            "authors": [
                {
                    "name": "Fabien Potencier",
                    "email": "fabien@symfony.com"
                },
                {
                    "name": "Symfony Community",
                    "homepage": "http://symfony.com/contributors"
                }
            ],
            "description": "Symfony Yaml Component",
            "homepage": "http://symfony.com"
        }
    ],
    "packages-dev": null,
    "aliases": [

    ],
    "minimum-stability": "stable",
    "stability-flags": {
        "bartfeenstra/cldr": 20,
        "bartfeenstra/currency": 20
    }
}
